{
  "name": "kokkai-timeline-prototype",
  "version": "0.0.0",
  "lockfileVersion": 3,
  "requires": true,
  "packages": {
    "": {
      "name": "kokkai-timeline-prototype",
      "version": "0.0.0",
      "dependencies": {
        "sql.js-httpvfs": "^0.8.12"
      }
    },
    "node_modules/comlink": {
      "version": "4.4.2",
      "resolved": "https://registry.npmjs.org/comlink/-/comlink-4.4.2.tgz",
      "integrity": "sha512-OxGdvBmJuNKSCMO4NTl1L47VRp6xn2wG4F/2hYzB6tiCb709otOxtEYCSvK80PtjODfXXZu8ds+Nw5kVCjqd2g==",
      "license": "Apache-2.0"
    },
    "node_modules/sql.js-httpvfs": {
      "version": "0.8.12",
      "resolved": "https://registry.npmjs.org/sql.js-httpvfs/-/sql.js-httpvfs-0.8.12.tgz",
      "integrity": "sha512-lcEBc2q0psFRfdCx8Di22oUIkkv5MUIaVO/fGCj/Jjx6YQDKVylQEcjd7NSSbmINHTRwVkm/vWP8uuevT7Rkkw==",
      "license": "Apache-2.0",
      "dependencies": {
        "comlink": "^4.3.0"
      }
    }
  }
}
